
Microsoft Visual Studio Solution File, Format Version 12.00
# Visual Studio Version 16
VisualStudioVersion = 16.0.31019.35
MinimumVisualStudioVersion = 10.0.40219.1
Project("{FAE04EC0-301F-11D3-BF4B-00C04F79EFBC}") = "MichiruLite", "MichiruLite\MichiruLite.csproj", "{22E66E21-4871-4FBC-BFE7-E950BCBF2F82}"
EndProject
Global
	GlobalSection(SolutionConfigurationPlatforms) = preSolution
		Debug|Any CPU = Debug|Any CPU
		Release|Any CPU = Release|Any CPU
	EndGlobalSection
	GlobalSection(ProjectConfigurationPlatforms) = postSolution
		{22E66E21-4871-4FBC-BFE7-E950BCBF2F82}.Debug|Any CPU.ActiveCfg = Debug|Any CPU
		{22E66E21-4871-4FBC-BFE7-E950BCBF2F82}.Debug|Any CPU.Build.0 = Debug|Any CPU
		{22E66E21-4871-4FBC-BFE7-E950BCBF2F82}.Release|Any CPU.ActiveCfg = Release|Any CPU
		{22E66E21-4871-4FBC-BFE7-E950BCBF2F82}.Release|Any CPU.Build.0 = Release|Any CPU
	EndGlobalSection
	GlobalSection(SolutionProperties) = preSolution
		HideSolutionNode = FALSE
	EndGlobalSection
	GlobalSection(ExtensibilityGlobals) = postSolution
		SolutionGuid = {CDCC212A-6BC8-4877-9DAE-50CA4602F02B}
	EndGlobalSection
EndGlobal
